# This file is automatically @generated by Cargo.
# It is not intended for manual editing.
version = 4

[[package]]
name = "meta"
version = "0.1.0"

[[package]]
name = "nudl-ast"
version = "0.1.0"

[[package]]
name = "nudl-backend-arm64"
version = "0.1.0"

[[package]]
name = "nudl-bc"
version = "0.1.0"

[[package]]
name = "nudl-cli"
version = "0.1.0"

[[package]]
name = "nudl-core"
version = "0.1.0"

[[package]]
name = "nudl-lsp"
version = "0.1.0"

[[package]]
name = "nudl-packer-elf"
version = "0.1.0"

[[package]]
name = "nudl-packer-macho"
version = "0.1.0"

[[package]]
name = "nudl-vm"
version = "0.1.0"
